
Microsoft Visual Studio Solution File, Format Version 12.00
# Visual Studio Version 17
VisualStudioVersion = 17.9.34902.65
MinimumVisualStudioVersion = 10.0.40219.1
Project("{2150E333-8FDC-42A3-9474-1A3956D46DE8}") = "01.Domain", "01.Domain", "{E3ACD0BE-DD42-4965-AE9D-17B912380E3F}"
EndProject
Project("{2150E333-8FDC-42A3-9474-1A3956D46DE8}") = "02.Core", "02.Core", "{58928925-C066-4A85-BB58-7770C15524DF}"
EndProject
Project("{2150E333-8FDC-42A3-9474-1A3956D46DE8}") = "03.Persistence", "03.Persistence", "{676632CD-D18A-4413-9B49-3FB5D5C6D33B}"
EndProject
Project("{2150E333-8FDC-42A3-9474-1A3956D46DE8}") = "04.Infrastructure", "04.Infrastructure", "{92259FE0-BEFB-4994-967A-1514D14ECBB1}"
EndProject
Project("{2150E333-8FDC-42A3-9474-1A3956D46DE8}") = "05.Api", "05.Api", "{A6F72447-E81E-4634-99D0-2C375E76BE73}"
EndProject
Project("{2150E333-8FDC-42A3-9474-1A3956D46DE8}") = "06.Test", "06.Test", "{51B4DACD-38B5-43BB-B5A6-79437EC70D1C}"
EndProject
Project("{2150E333-8FDC-42A3-9474-1A3956D46DE8}") = "07.Common", "07.Common", "{6032C8F9-23A0-4B20-9DA1-F1092DD9CD90}"
EndProject
Project("{9A19103F-16F7-4668-BE54-9A1E7A4F7556}") = "FlouPoint.Domain", "FlouPoint.Domain\FlouPoint.Domain.csproj", "{592A08FC-C55F-4FB0-A35F-71558CED4D25}"
EndProject
Project("{9A19103F-16F7-4668-BE54-9A1E7A4F7556}") = "FlouPoint.Infrastructure", "FlouPoint.Infrastructure\FlouPoint.Infrastructure.csproj", "{A767E633-EA4D-43C8-ABD2-0D8E61915C53}"
EndProject
Project("{9A19103F-16F7-4668-BE54-9A1E7A4F7556}") = "FlouPoint.Application", "FlouPoint.Application\FlouPoint.Application.csproj", "{C571AA77-C4CF-454F-9417-454CD9B52680}"
EndProject
Project("{9A19103F-16F7-4668-BE54-9A1E7A4F7556}") = "Application", "Application\Application.csproj", "{6CE32C61-B014-4006-B4F7-963D62DF0CDF}"
EndProject
Project("{9A19103F-16F7-4668-BE54-9A1E7A4F7556}") = "Domain", "Domain\Domain.csproj", "{C8E97956-33DA-4DA0-A4DD-881780F36CDF}"
EndProject
Project("{9A19103F-16F7-4668-BE54-9A1E7A4F7556}") = "Infrastructure", "Infrastructure\Infrastructure.csproj", "{B5A06D69-E911-4B75-875C-32842A4ED091}"
EndProject
Project("{9A19103F-16F7-4668-BE54-9A1E7A4F7556}") = "Persistence", "Persistence\Persistence.csproj", "{0B474F7B-2ABB-4F22-B6D8-3C1A3F45E314}"
EndProject
Project("{2150E333-8FDC-42A3-9474-1A3956D46DE8}") = "01.Domain.Tests", "01.Domain.Tests", "{E396CE35-1DBD-47A4-A4B6-69A2C6484152}"
EndProject
Project("{2150E333-8FDC-42A3-9474-1A3956D46DE8}") = "02.Core.Tests", "02.Core.Tests", "{EDD7FA36-D55B-4D5E-91AC-8C6EBDFE40A9}"
EndProject
Project("{2150E333-8FDC-42A3-9474-1A3956D46DE8}") = "03.Persistence.Tests", "03.Persistence.Tests", "{5E52BF8C-8BDA-4136-B293-5A8F443A569E}"
EndProject
Project("{2150E333-8FDC-42A3-9474-1A3956D46DE8}") = "04.Infrastructure.Tests", "04.Infrastructure.Tests", "{3EF3651B-C7FA-45C9-A85E-CCA49517E086}"
EndProject
Project("{9A19103F-16F7-4668-BE54-9A1E7A4F7556}") = "Domain.Test", "Domain.Test\Domain.Test.csproj", "{1A23E3F4-8B32-4284-9251-A0CC910B86F1}"
EndProject
Project("{9A19103F-16F7-4668-BE54-9A1E7A4F7556}") = "Application.Test", "Application.Test\Application.Test.csproj", "{2A5ACD8C-2388-4FA8-8CAF-720ED79D1464}"
EndProject
Project("{9A19103F-16F7-4668-BE54-9A1E7A4F7556}") = "Persistence.Test", "Persistence.Test\Persistence.Test.csproj", "{5794C4DB-7FF9-4F34-ABDD-49B558864D7A}"
EndProject
Project("{9A19103F-16F7-4668-BE54-9A1E7A4F7556}") = "UtilitiesLayer", "UtilitiesLayer\UtilitiesLayer.csproj", "{3F787BEE-7A01-423D-AE5D-CF45CB69AFF5}"
EndProject
Project("{FAE04EC0-301F-11D3-BF4B-00C04F79EFBC}") = "Infrastructure.Test", "Infrastructure.Test\Infrastructure.Test.csproj", "{8E18A019-CF3C-4810-9164-29C15AB403BB}"
EndProject
Global
	GlobalSection(SolutionConfigurationPlatforms) = preSolution
		Debug|Any CPU = Debug|Any CPU
		Release|Any CPU = Release|Any CPU
	EndGlobalSection
	GlobalSection(ProjectConfigurationPlatforms) = postSolution
		{592A08FC-C55F-4FB0-A35F-71558CED4D25}.Debug|Any CPU.ActiveCfg = Debug|Any CPU
		{592A08FC-C55F-4FB0-A35F-71558CED4D25}.Debug|Any CPU.Build.0 = Debug|Any CPU
		{592A08FC-C55F-4FB0-A35F-71558CED4D25}.Release|Any CPU.ActiveCfg = Release|Any CPU
		{592A08FC-C55F-4FB0-A35F-71558CED4D25}.Release|Any CPU.Build.0 = Release|Any CPU
		{A767E633-EA4D-43C8-ABD2-0D8E61915C53}.Debug|Any CPU.ActiveCfg = Debug|Any CPU
		{A767E633-EA4D-43C8-ABD2-0D8E61915C53}.Debug|Any CPU.Build.0 = Debug|Any CPU
		{A767E633-EA4D-43C8-ABD2-0D8E61915C53}.Release|Any CPU.ActiveCfg = Release|Any CPU
		{A767E633-EA4D-43C8-ABD2-0D8E61915C53}.Release|Any CPU.Build.0 = Release|Any CPU
		{C571AA77-C4CF-454F-9417-454CD9B52680}.Debug|Any CPU.ActiveCfg = Debug|Any CPU
		{C571AA77-C4CF-454F-9417-454CD9B52680}.Debug|Any CPU.Build.0 = Debug|Any CPU
		{C571AA77-C4CF-454F-9417-454CD9B52680}.Release|Any CPU.ActiveCfg = Release|Any CPU
		{C571AA77-C4CF-454F-9417-454CD9B52680}.Release|Any CPU.Build.0 = Release|Any CPU
		{6CE32C61-B014-4006-B4F7-963D62DF0CDF}.Debug|Any CPU.ActiveCfg = Debug|Any CPU
		{6CE32C61-B014-4006-B4F7-963D62DF0CDF}.Debug|Any CPU.Build.0 = Debug|Any CPU
		{6CE32C61-B014-4006-B4F7-963D62DF0CDF}.Release|Any CPU.ActiveCfg = Release|Any CPU
		{6CE32C61-B014-4006-B4F7-963D62DF0CDF}.Release|Any CPU.Build.0 = Release|Any CPU
		{C8E97956-33DA-4DA0-A4DD-881780F36CDF}.Debug|Any CPU.ActiveCfg = Debug|Any CPU
		{C8E97956-33DA-4DA0-A4DD-881780F36CDF}.Debug|Any CPU.Build.0 = Debug|Any CPU
		{C8E97956-33DA-4DA0-A4DD-881780F36CDF}.Release|Any CPU.ActiveCfg = Release|Any CPU
		{C8E97956-33DA-4DA0-A4DD-881780F36CDF}.Release|Any CPU.Build.0 = Release|Any CPU
		{B5A06D69-E911-4B75-875C-32842A4ED091}.Debug|Any CPU.ActiveCfg = Debug|Any CPU
		{B5A06D69-E911-4B75-875C-32842A4ED091}.Debug|Any CPU.Build.0 = Debug|Any CPU
		{B5A06D69-E911-4B75-875C-32842A4ED091}.Release|Any CPU.ActiveCfg = Release|Any CPU
		{B5A06D69-E911-4B75-875C-32842A4ED091}.Release|Any CPU.Build.0 = Release|Any CPU
		{0B474F7B-2ABB-4F22-B6D8-3C1A3F45E314}.Debug|Any CPU.ActiveCfg = Debug|Any CPU
		{0B474F7B-2ABB-4F22-B6D8-3C1A3F45E314}.Debug|Any CPU.Build.0 = Debug|Any CPU
		{0B474F7B-2ABB-4F22-B6D8-3C1A3F45E314}.Release|Any CPU.ActiveCfg = Release|Any CPU
		{0B474F7B-2ABB-4F22-B6D8-3C1A3F45E314}.Release|Any CPU.Build.0 = Release|Any CPU
		{1A23E3F4-8B32-4284-9251-A0CC910B86F1}.Debug|Any CPU.ActiveCfg = Debug|Any CPU
		{1A23E3F4-8B32-4284-9251-A0CC910B86F1}.Debug|Any CPU.Build.0 = Debug|Any CPU
		{1A23E3F4-8B32-4284-9251-A0CC910B86F1}.Release|Any CPU.ActiveCfg = Release|Any CPU
		{1A23E3F4-8B32-4284-9251-A0CC910B86F1}.Release|Any CPU.Build.0 = Release|Any CPU
		{2A5ACD8C-2388-4FA8-8CAF-720ED79D1464}.Debug|Any CPU.ActiveCfg = Debug|Any CPU
		{2A5ACD8C-2388-4FA8-8CAF-720ED79D1464}.Debug|Any CPU.Build.0 = Debug|Any CPU
		{2A5ACD8C-2388-4FA8-8CAF-720ED79D1464}.Release|Any CPU.ActiveCfg = Release|Any CPU
		{2A5ACD8C-2388-4FA8-8CAF-720ED79D1464}.Release|Any CPU.Build.0 = Release|Any CPU
		{5794C4DB-7FF9-4F34-ABDD-49B558864D7A}.Debug|Any CPU.ActiveCfg = Debug|Any CPU
		{5794C4DB-7FF9-4F34-ABDD-49B558864D7A}.Debug|Any CPU.Build.0 = Debug|Any CPU
		{5794C4DB-7FF9-4F34-ABDD-49B558864D7A}.Release|Any CPU.ActiveCfg = Release|Any CPU
		{5794C4DB-7FF9-4F34-ABDD-49B558864D7A}.Release|Any CPU.Build.0 = Release|Any CPU
		{3F787BEE-7A01-423D-AE5D-CF45CB69AFF5}.Debug|Any CPU.ActiveCfg = Debug|Any CPU
		{3F787BEE-7A01-423D-AE5D-CF45CB69AFF5}.Debug|Any CPU.Build.0 = Debug|Any CPU
		{3F787BEE-7A01-423D-AE5D-CF45CB69AFF5}.Release|Any CPU.ActiveCfg = Release|Any CPU
		{3F787BEE-7A01-423D-AE5D-CF45CB69AFF5}.Release|Any CPU.Build.0 = Release|Any CPU
		{8E18A019-CF3C-4810-9164-29C15AB403BB}.Debug|Any CPU.ActiveCfg = Debug|Any CPU
		{8E18A019-CF3C-4810-9164-29C15AB403BB}.Debug|Any CPU.Build.0 = Debug|Any CPU
		{8E18A019-CF3C-4810-9164-29C15AB403BB}.Release|Any CPU.ActiveCfg = Release|Any CPU
		{8E18A019-CF3C-4810-9164-29C15AB403BB}.Release|Any CPU.Build.0 = Release|Any CPU
	EndGlobalSection
	GlobalSection(SolutionProperties) = preSolution
		HideSolutionNode = FALSE
	EndGlobalSection
	GlobalSection(NestedProjects) = preSolution
		{592A08FC-C55F-4FB0-A35F-71558CED4D25} = {E3ACD0BE-DD42-4965-AE9D-17B912380E3F}
		{A767E633-EA4D-43C8-ABD2-0D8E61915C53} = {92259FE0-BEFB-4994-967A-1514D14ECBB1}
		{C571AA77-C4CF-454F-9417-454CD9B52680} = {58928925-C066-4A85-BB58-7770C15524DF}
		{6CE32C61-B014-4006-B4F7-963D62DF0CDF} = {58928925-C066-4A85-BB58-7770C15524DF}
		{C8E97956-33DA-4DA0-A4DD-881780F36CDF} = {E3ACD0BE-DD42-4965-AE9D-17B912380E3F}
		{B5A06D69-E911-4B75-875C-32842A4ED091} = {92259FE0-BEFB-4994-967A-1514D14ECBB1}
		{0B474F7B-2ABB-4F22-B6D8-3C1A3F45E314} = {676632CD-D18A-4413-9B49-3FB5D5C6D33B}
		{E396CE35-1DBD-47A4-A4B6-69A2C6484152} = {51B4DACD-38B5-43BB-B5A6-79437EC70D1C}
		{EDD7FA36-D55B-4D5E-91AC-8C6EBDFE40A9} = {51B4DACD-38B5-43BB-B5A6-79437EC70D1C}
		{5E52BF8C-8BDA-4136-B293-5A8F443A569E} = {51B4DACD-38B5-43BB-B5A6-79437EC70D1C}
		{3EF3651B-C7FA-45C9-A85E-CCA49517E086} = {51B4DACD-38B5-43BB-B5A6-79437EC70D1C}
		{1A23E3F4-8B32-4284-9251-A0CC910B86F1} = {E396CE35-1DBD-47A4-A4B6-69A2C6484152}
		{2A5ACD8C-2388-4FA8-8CAF-720ED79D1464} = {EDD7FA36-D55B-4D5E-91AC-8C6EBDFE40A9}
		{5794C4DB-7FF9-4F34-ABDD-49B558864D7A} = {5E52BF8C-8BDA-4136-B293-5A8F443A569E}
		{3F787BEE-7A01-423D-AE5D-CF45CB69AFF5} = {6032C8F9-23A0-4B20-9DA1-F1092DD9CD90}
		{8E18A019-CF3C-4810-9164-29C15AB403BB} = {3EF3651B-C7FA-45C9-A85E-CCA49517E086}
	EndGlobalSection
	GlobalSection(ExtensibilityGlobals) = postSolution
		SolutionGuid = {80D22744-314A-4A30-8CCC-C9961C48242B}
	EndGlobalSection
EndGlobal
